
Microsoft Visual Studio Solution File, Format Version 12.00
# Visual Studio Version 16
VisualStudioVersion = 16.0.30907.101
MinimumVisualStudioVersion = 10.0.40219.1
Project("{FAE04EC0-301F-11D3-BF4B-00C04F79EFBC}") = "PROMEDIO_4_NOTAS", "PROMEDIO_4_NOTAS\PROMEDIO_4_NOTAS.csproj", "{4654F46F-E123-4643-B33C-ED15885A3FAA}"
EndProject
Global
	GlobalSection(SolutionConfigurationPlatforms) = preSolution
		Debug|Any CPU = Debug|Any CPU
		Release|Any CPU = Release|Any CPU
	EndGlobalSection
	GlobalSection(ProjectConfigurationPlatforms) = postSolution
		{4654F46F-E123-4643-B33C-ED15885A3FAA}.Debug|Any CPU.ActiveCfg = Debug|Any CPU
		{4654F46F-E123-4643-B33C-ED15885A3FAA}.Debug|Any CPU.Build.0 = Debug|Any CPU
		{4654F46F-E123-4643-B33C-ED15885A3FAA}.Release|Any CPU.ActiveCfg = Release|Any CPU
		{4654F46F-E123-4643-B33C-ED15885A3FAA}.Release|Any CPU.Build.0 = Release|Any CPU
	EndGlobalSection
	GlobalSection(SolutionProperties) = preSolution
		HideSolutionNode = FALSE
	EndGlobalSection
	GlobalSection(ExtensibilityGlobals) = postSolution
		SolutionGuid = {C063BE7D-AC39-4ED5-82C2-820E8204B8E9}
	EndGlobalSection
EndGlobal
